
Microsoft Visual Studio Solution File, Format Version 12.00
# Visual Studio 2013
VisualStudioVersion = 12.0.31101.0
MinimumVisualStudioVersion = 10.0.40219.1
Project("{FAE04EC0-301F-11D3-BF4B-00C04F79EFBC}") = "OAuth20NetServer", "OAuth20NetServer\OAuth20NetServer.csproj", "{28EA5123-2A34-4B68-8296-FA4CEAA355E5}"
EndProject
Project("{FAE04EC0-301F-11D3-BF4B-00C04F79EFBC}") = "TestApp", "TestApp\TestApp.csproj", "{FF572D61-951D-4A01-8601-F1E71DE78EAB}"
EndProject
Global
	GlobalSection(SolutionConfigurationPlatforms) = preSolution
		Debug|Any CPU = Debug|Any CPU
		Release|Any CPU = Release|Any CPU
	EndGlobalSection
	GlobalSection(ProjectConfigurationPlatforms) = postSolution
		{28EA5123-2A34-4B68-8296-FA4CEAA355E5}.Debug|Any CPU.ActiveCfg = Debug|Any CPU
		{28EA5123-2A34-4B68-8296-FA4CEAA355E5}.Debug|Any CPU.Build.0 = Debug|Any CPU
		{28EA5123-2A34-4B68-8296-FA4CEAA355E5}.Release|Any CPU.ActiveCfg = Release|Any CPU
		{28EA5123-2A34-4B68-8296-FA4CEAA355E5}.Release|Any CPU.Build.0 = Release|Any CPU
		{FF572D61-951D-4A01-8601-F1E71DE78EAB}.Debug|Any CPU.ActiveCfg = Debug|Any CPU
		{FF572D61-951D-4A01-8601-F1E71DE78EAB}.Debug|Any CPU.Build.0 = Debug|Any CPU
		{FF572D61-951D-4A01-8601-F1E71DE78EAB}.Release|Any CPU.ActiveCfg = Release|Any CPU
		{FF572D61-951D-4A01-8601-F1E71DE78EAB}.Release|Any CPU.Build.0 = Release|Any CPU
	EndGlobalSection
	GlobalSection(SolutionProperties) = preSolution
		HideSolutionNode = FALSE
	EndGlobalSection
EndGlobal
